
Microsoft Visual Studio Solution File, Format Version 12.00
# Visual Studio Version 16
VisualStudioVersion = 16.0.31205.134
MinimumVisualStudioVersion = 10.0.40219.1
Project("{8BC9CEB8-8B4A-11D0-8D11-00A0C91BC942}") = "Dungeon Explorer", "Dungeon Explorer\Dungeon Explorer.vcxproj", "{B87F8A76-DF55-4FF6-BE4C-A1C03EA66D16}"
EndProject
Global
	GlobalSection(SolutionConfigurationPlatforms) = preSolution
		Debug|x64 = Debug|x64
		Debug|x86 = Debug|x86
		Release|x64 = Release|x64
		Release|x86 = Release|x86
	EndGlobalSection
	GlobalSection(ProjectConfigurationPlatforms) = postSolution
		{B87F8A76-DF55-4FF6-BE4C-A1C03EA66D16}.Debug|x64.ActiveCfg = Debug|x64
		{B87F8A76-DF55-4FF6-BE4C-A1C03EA66D16}.Debug|x64.Build.0 = Debug|x64
		{B87F8A76-DF55-4FF6-BE4C-A1C03EA66D16}.Debug|x86.ActiveCfg = Debug|Win32
		{B87F8A76-DF55-4FF6-BE4C-A1C03EA66D16}.Debug|x86.Build.0 = Debug|Win32
		{B87F8A76-DF55-4FF6-BE4C-A1C03EA66D16}.Release|x64.ActiveCfg = Release|x64
		{B87F8A76-DF55-4FF6-BE4C-A1C03EA66D16}.Release|x64.Build.0 = Release|x64
		{B87F8A76-DF55-4FF6-BE4C-A1C03EA66D16}.Release|x86.ActiveCfg = Release|Win32
		{B87F8A76-DF55-4FF6-BE4C-A1C03EA66D16}.Release|x86.Build.0 = Release|Win32
	EndGlobalSection
	GlobalSection(SolutionProperties) = preSolution
		HideSolutionNode = FALSE
	EndGlobalSection
	GlobalSection(ExtensibilityGlobals) = postSolution
		SolutionGuid = {78C6B175-33DF-4CC4-B8FA-9A418F4070AE}
	EndGlobalSection
EndGlobal
